<Solution>
  <Folder Name="/Data/">
    <Project Path="ContactPage.Data.Contracts/ContactPage.Data.Contracts.csproj" Id="4bec729c-a5b8-4121-999a-fad33360bb33" />
    <Project Path="RI.ContactPage.Data/ContactPage.Data.csproj" Id="4ee255de-d161-4750-8b8c-a28a1af5c853" />
  </Folder>
  <Folder Name="/Framework/">
    <Project Path="ContactPage.frameworks.Extension/ContactPage.frameworks.Extension.csproj" Id="68eda7d1-bd4b-49a5-a4d8-50c3a0a313a2" />
    <Project Path="ContactPage.frameworks/ContactPage.frameworks.csproj" Id="5c853c9b-399e-4e56-9f7f-0f2f4f840f62" />
  </Folder>
</Solution>
